
Microsoft Visual Studio Solution File, Format Version 12.00
# Visual Studio Version 17
VisualStudioVersion = 17.5.002.0
MinimumVisualStudioVersion = 10.0.40219.1
Project("{9A19103F-16F7-4668-BE54-9A1E7A4F7556}") = "DesafioProjetoHospedagem", "DesafioProjetoHospedagem.csproj", "{847D458A-5D74-4B37-8A80-22FB545647AB}"
EndProject
Global
	GlobalSection(SolutionConfigurationPlatforms) = preSolution
		Debug|Any CPU = Debug|Any CPU
		Release|Any CPU = Release|Any CPU
	EndGlobalSection
	GlobalSection(ProjectConfigurationPlatforms) = postSolution
		{847D458A-5D74-4B37-8A80-22FB545647AB}.Debug|Any CPU.ActiveCfg = Debug|Any CPU
		{847D458A-5D74-4B37-8A80-22FB545647AB}.Debug|Any CPU.Build.0 = Debug|Any CPU
		{847D458A-5D74-4B37-8A80-22FB545647AB}.Release|Any CPU.ActiveCfg = Release|Any CPU
		{847D458A-5D74-4B37-8A80-22FB545647AB}.Release|Any CPU.Build.0 = Release|Any CPU
	EndGlobalSection
	GlobalSection(SolutionProperties) = preSolution
		HideSolutionNode = FALSE
	EndGlobalSection
	GlobalSection(ExtensibilityGlobals) = postSolution
		SolutionGuid = {2A93DCFE-3311-4106-B149-44589B1D461A}
	EndGlobalSection
EndGlobal
